# This file is automatically @generated by Cargo.
# It is not intended for manual editing.
version = 3

[[package]]
name = "qp-crypto"
version = "0.1.0"

[[package]]
name = "qp-ffi"
version = "0.1.0"
dependencies = [
 "qp-crypto",
 "qp-page",
 "qp-runtime",
 "qp-shell",
 "qp-vm",
]

[[package]]
name = "qp-page"
version = "0.1.0"
dependencies = [
 "qp-crypto",
]

[[package]]
name = "qp-resource"
version = "0.1.0"
dependencies = [
 "ruzstd",
]

[[package]]
name = "qp-runtime"
version = "0.1.0"
dependencies = [
 "qp-crypto",
 "qp-page",
 "qp-resource",
 "qp-shell",
 "qp-vm",
]

[[package]]
name = "qp-shell"
version = "0.1.0"
dependencies = [
 "qp-crypto",
 "qp-page",
]

[[package]]
name = "qp-vm"
version = "0.1.0"
dependencies = [
 "qp-crypto",
]

[[package]]
name = "ruzstd"
version = "0.7.3"
source = "registry+https://github.com/rust-lang/crates.io-index"
checksum = "fad02996bfc73da3e301efe90b1837be9ed8f4a462b6ed410aa35d00381de89f"
