# This file is automatically @generated by Cargo.
# It is not intended for manual editing.
version = 3

[[package]]
name = "jsrt-crypto"
version = "0.1.0"

[[package]]
name = "jsrt-ffi"
version = "0.1.0"
dependencies = [
 "jsrt-crypto",
 "jsrt-page",
 "jsrt-runtime",
 "jsrt-shell",
]

[[package]]
name = "jsrt-page"
version = "0.1.0"
dependencies = [
 "jsrt-crypto",
]

[[package]]
name = "jsrt-resource"
version = "0.1.0"
dependencies = [
 "ruzstd",
]

[[package]]
name = "jsrt-runtime"
version = "0.1.0"
dependencies = [
 "jsrt-crypto",
 "jsrt-page",
 "jsrt-resource",
 "jsrt-shell",
 "jsrt-vm",
]

[[package]]
name = "jsrt-shell"
version = "0.1.0"
dependencies = [
 "jsrt-crypto",
 "jsrt-page",
]

[[package]]
name = "jsrt-vm"
version = "0.1.0"
dependencies = [
 "jsrt-crypto",
]

[[package]]
name = "ruzstd"
version = "0.7.3"
source = "registry+https://github.com/rust-lang/crates.io-index"
checksum = "fad02996bfc73da3e301efe90b1837be9ed8f4a462b6ed410aa35d00381de89f"
